
Microsoft Visual Studio Solution File, Format Version 12.00
# Visual Studio Version 17
VisualStudioVersion = 17.7.34024.191
MinimumVisualStudioVersion = 10.0.40219.1
Project("{FAE04EC0-301F-11D3-BF4B-00C04F79EFBC}") = "Lab_8_work_2", "Lab_8_work_2\Lab_8_work_2.csproj", "{BA1C2A31-BA4C-453A-9A63-EF3E2DE55254}"
EndProject
Global
	GlobalSection(SolutionConfigurationPlatforms) = preSolution
		Debug|Any CPU = Debug|Any CPU
		Release|Any CPU = Release|Any CPU
	EndGlobalSection
	GlobalSection(ProjectConfigurationPlatforms) = postSolution
		{BA1C2A31-BA4C-453A-9A63-EF3E2DE55254}.Debug|Any CPU.ActiveCfg = Debug|Any CPU
		{BA1C2A31-BA4C-453A-9A63-EF3E2DE55254}.Debug|Any CPU.Build.0 = Debug|Any CPU
		{BA1C2A31-BA4C-453A-9A63-EF3E2DE55254}.Release|Any CPU.ActiveCfg = Release|Any CPU
		{BA1C2A31-BA4C-453A-9A63-EF3E2DE55254}.Release|Any CPU.Build.0 = Release|Any CPU
	EndGlobalSection
	GlobalSection(SolutionProperties) = preSolution
		HideSolutionNode = FALSE
	EndGlobalSection
	GlobalSection(ExtensibilityGlobals) = postSolution
		SolutionGuid = {B4585062-AA32-4F4E-A8C3-2EDB55D6EC8B}
	EndGlobalSection
EndGlobal
